
Microsoft Visual Studio Solution File, Format Version 11.00
# Visual Studio 2010
Project("{FAE04EC0-301F-11D3-BF4B-00C04F79EFBC}") = "WebcamMVC", "WebcamMVC\WebcamMVC.csproj", "{FAE3995C-C10E-47EA-86E6-477B7C2A6D46}"
EndProject
Global
	GlobalSection(SolutionConfigurationPlatforms) = preSolution
		Debug|Any CPU = Debug|Any CPU
		Release|Any CPU = Release|Any CPU
	EndGlobalSection
	GlobalSection(ProjectConfigurationPlatforms) = postSolution
		{FAE3995C-C10E-47EA-86E6-477B7C2A6D46}.Debug|Any CPU.ActiveCfg = Debug|Any CPU
		{FAE3995C-C10E-47EA-86E6-477B7C2A6D46}.Debug|Any CPU.Build.0 = Debug|Any CPU
		{FAE3995C-C10E-47EA-86E6-477B7C2A6D46}.Release|Any CPU.ActiveCfg = Release|Any CPU
		{FAE3995C-C10E-47EA-86E6-477B7C2A6D46}.Release|Any CPU.Build.0 = Release|Any CPU
	EndGlobalSection
	GlobalSection(SolutionProperties) = preSolution
		HideSolutionNode = FALSE
	EndGlobalSection
EndGlobal
